// !$*UTF8*$!
{
	archiveVersion = 1;
	classes = {
	};
	objectVersion = 55;
	objects = {

/* Begin PBXBuildFile section */
		9BB5DA7A28E37D3100E0EAC1 /* AppDelegate.swift in Sources */ = {isa = PBXBuildFile; fileRef = 9BB5DA7928E37D3100E0EAC1 /* AppDelegate.swift */; };
		9BB5DA7C28E37D3100E0EAC1 /* SceneDelegate.swift in Sources */ = {isa = PBXBuildFile; fileRef = 9BB5DA7B28E37D3100E0EAC1 /* SceneDelegate.swift */; };
		9BB5DA7E28E37D3100E0EAC1 /* ViewController.swift in Sources */ = {isa = PBXBuildFile; fileRef = 9BB5DA7D28E37D3100E0EAC1 /* ViewController.swift */; };
		9BB5DA8128E37D3100E0EAC1 /* Main.storyboard in Resources */ = {isa = PBXBuildFile; fileRef = 9BB5DA7F28E37D3100E0EAC1 /* Main.storyboard */; };
		9BB5DA8328E37D3200E0EAC1 /* Assets.xcassets in Resources */ = {isa = PBXBuildFile; fileRef = 9BB5DA8228E37D3200E0EAC1 /* Assets.xcassets */; };
		9BB5DA8628E37D3200E0EAC1 /* LaunchScreen.storyboard in Resources */ = {isa = PBXBuildFile; fileRef = 9BB5DA8428E37D3200E0EAC1 /* LaunchScreen.storyboard */; };
		9BB5DA9128E37D3200E0EAC1 /* test2Tests.swift in Sources */ = {isa = PBXBuildFile; fileRef = 9BB5DA9028E37D3200E0EAC1 /* test2Tests.swift */; };
		9BB5DA9B28E37D3200E0EAC1 /* test2UITests.swift in Sources */ = {isa = PBXBuildFile; fileRef = 9BB5DA9A28E37D3200E0EAC1 /* test2UITests.swift */; };
		9BB5DA9D28E37D3200E0EAC1 /* test2UITestsLaunchTests.swift in Sources */ = {isa = PBXBuildFile; fileRef = 9BB5DA9C28E37D3200E0EAC1 /* test2UITestsLaunchTests.swift */; };
		9BB5DAAA28E37E8300E0EAC1 /* viewresposta.swift in Sources */ = {isa = PBXBuildFile; fileRef = 9BB5DAA928E37E8300E0EAC1 /* viewresposta.swift */; };
/* End PBXBuildFile section */

/* Begin PBXContainerItemProxy section */
		9BB5DA8D28E37D3200E0EAC1 /* PBXContainerItemProxy */ = {
			isa = PBXContainerItemProxy;
			containerPortal = 9BB5DA6E28E37D3100E0EAC1 /* Project object */;
			proxyType = 1;
			remoteGlobalIDString = 9BB5DA7528E37D3100E0EAC1;
			remoteInfo = test2;
		};
		9BB5DA9728E37D3200E0EAC1 /* PBXContainerItemProxy */ = {
			isa = PBXContainerItemProxy;
			containerPortal = 9BB5DA6E28E37D3100E0EAC1 /* Project object */;
			proxyType = 1;
			remoteGlobalIDString = 9BB5DA7528E37D3100E0EAC1;
			remoteInfo = test2;
		};
/* End PBXContainerItemProxy section */

/* Begin PBXFileReference section */
		9BB5DA7628E37D3100E0EAC1 /* test2.app */ = {isa = PBXFileReference; explicitFileType = wrapper.application; includeInIndex = 0; path = test2.app; sourceTree = BUILT_PRODUCTS_DIR; };
		9BB5DA7928E37D3100E0EAC1 /* AppDelegate.swift */ = {isa = PBXFileReference; lastKnownFileType = sourcecode.swift; path = AppDelegate.swift; sourceTree = "<group>"; };
		9BB5DA7B28E37D3100E0EAC1 /* SceneDelegate.swift */ = {isa = PBXFileReference; lastKnownFileType = sourcecode.swift; path = SceneDelegate.swift; sourceTree = "<group>"; };
		9BB5DA7D28E37D3100E0EAC1 /* ViewController.swift */ = {isa = PBXFileReference; lastKnownFileType = sourcecode.swift; path = ViewController.swift; sourceTree = "<group>"; };
		9BB5DA8028E37D3100E0EAC1 /* Base */ = {isa = PBXFileReference; lastKnownFileType = file.storyboard; name = Base; path = Base.lproj/Main.storyboard; sourceTree = "<group>"; };
		9BB5DA8228E37D3200E0EAC1 /* Assets.xcassets */ = {isa = PBXFileReference; lastKnownFileType = folder.assetcatalog; path = Assets.xcassets; sourceTree = "<group>"; };
		9BB5DA8528E37D3200E0EAC1 /* Base */ = {isa = PBXFileReference; lastKnownFileType = file.storyboard; name = Base; path = Base.lproj/LaunchScreen.storyboard; sourceTree = "<group>"; };
		9BB5DA8728E37D3200E0EAC1 /* Info.plist */ = {isa = PBXFileReference; lastKnownFileType = text.plist.xml; path = Info.plist; sourceTree = "<group>"; };
		9BB5DA8C28E37D3200E0EAC1 /* test2Tests.xctest */ = {isa = PBXFileReference; explicitFileType = wrapper.cfbundle; includeInIndex = 0; path = test2Tests.xctest; sourceTree = BUILT_PRODUCTS_DIR; };
		9BB5DA9028E37D3200E0EAC1 /* test2Tests.swift */ = {isa = PBXFileReference; lastKnownFileType = sourcecode.swift; path = test2Tests.swift; sourceTree = "<group>"; };
		9BB5DA9628E37D3200E0EAC1 /* test2UITests.xctest */ = {isa = PBXFileReference; explicitFileType = wrapper.cfbundle; includeInIndex = 0; path = test2UITests.xctest; sourceTree = BUILT_PRODUCTS_DIR; };
		9BB5DA9A28E37D3200E0EAC1 /* test2UITests.swift */ = {isa = PBXFileReference; lastKnownFileType = sourcecode.swift; path = test2UITests.swift; sourceTree = "<group>"; };
		9BB5DA9C28E37D3200E0EAC1 /* test2UITestsLaunchTests.swift */ = {isa = PBXFileReference; lastKnownFileType = sourcecode.swift; path = test2UITestsLaunchTests.swift; sourceTree = "<group>"; };
		9BB5DAA928E37E8300E0EAC1 /* viewresposta.swift */ = {isa = PBXFileReference; lastKnownFileType = sourcecode.swift; path = viewresposta.swift; sourceTree = "<group>"; };
/* End PBXFileReference section */

/* Begin PBXFrameworksBuildPhase section */
		9BB5DA7328E37D3100E0EAC1 /* Frameworks */ = {
			isa = PBXFrameworksBuildPhase;
			buildActionMask = 2147483647;
			files = (
			);
			runOnlyForDeploymentPostprocessing = 0;
		};
		9BB5DA8928E37D3200E0EAC1 /* Frameworks */ = {
			isa = PBXFrameworksBuildPhase;
			buildActionMask = 2147483647;
			files = (
			);
			runOnlyForDeploymentPostprocessing = 0;
		};
		9BB5DA9328E37D3200E0EAC1 /* Frameworks */ = {
			isa = PBXFrameworksBuildPhase;
			buildActionMask = 2147483647;
			files = (
			);
			runOnlyForDeploymentPostprocessing = 0;
		};
/* End PBXFrameworksBuildPhase section */

/* Begin PBXGroup section */
		9BB5DA6D28E37D3100E0EAC1 = {
			isa = PBXGroup;
			children = (
				9BB5DA7828E37D3100E0EAC1 /* test2 */,
				9BB5DA8F28E37D3200E0EAC1 /* test2Tests */,
				9BB5DA9928E37D3200E0EAC1 /* test2UITests */,
				9BB5DA7728E37D3100E0EAC1 /* Products */,
			);
			sourceTree = "<group>";
		};
		9BB5DA7728E37D3100E0EAC1 /* Products */ = {
			isa = PBXGroup;
			children = (
				9BB5DA7628E37D3100E0EAC1 /* test2.app */,
				9BB5DA8C28E37D3200E0EAC1 /* test2Tests.xctest */,
				9BB5DA9628E37D3200E0EAC1 /* test2UITests.xctest */,
			);
			name = Products;
			sourceTree = "<group>";
		};
		9BB5DA7828E37D3100E0EAC1 /* test2 */ = {
			isa = PBXGroup;
			children = (
				9BB5DA7928E37D3100E0EAC1 /* AppDelegate.swift */,
				9BB5DA7B28E37D3100E0EAC1 /* SceneDelegate.swift */,
				9BB5DA7D28E37D3100E0EAC1 /* ViewController.swift */,
				9BB5DAA928E37E8300E0EAC1 /* viewresposta.swift */,
				9BB5DA7F28E37D3100E0EAC1 /* Main.storyboard */,
				9BB5DA8228E37D3200E0EAC1 /* Assets.xcassets */,
				9BB5DA8428E37D3200E0EAC1 /* LaunchScreen.storyboard */,
				9BB5DA8728E37D3200E0EAC1 /* Info.plist */,
			);
			path = test2;
			sourceTree = "<group>";
		};
		9BB5DA8F28E37D3200E0EAC1 /* test2Tests */ = {
			isa = PBXGroup;
			children = (
				9BB5DA9028E37D3200E0EAC1 /* test2Tests.swift */,
			);
			path = test2Tests;
			sourceTree = "<group>";
		};
		9BB5DA9928E37D3200E0EAC1 /* test2UITests */ = {
			isa = PBXGroup;
			children = (
				9BB5DA9A28E37D3200E0EAC1 /* test2UITests.swift */,
				9BB5DA9C28E37D3200E0EAC1 /* test2UITestsLaunchTests.swift */,
			);
			path = test2UITests;
			sourceTree = "<group>";
		};
/* End PBXGroup section */

/* Begin PBXNativeTarget section */
		9BB5DA7528E37D3100E0EAC1 /* test2 */ = {
			isa = PBXNativeTarget;
			buildConfigurationList = 9BB5DAA028E37D3200E0EAC1 /* Build configuration list for PBXNativeTarget "test2" */;
			buildPhases = (
				9BB5DA7228E37D3100E0EAC1 /* Sources */,
				9BB5DA7328E37D3100E0EAC1 /* Frameworks */,
				9BB5DA7428E37D3100E0EAC1 /* Resources */,
			);
			buildRules = (
			);
			dependencies = (
			);
			name = test2;
			productName = test2;
			productReference = 9BB5DA7628E37D3100E0EAC1 /* test2.app */;
			productType = "com.apple.product-type.application";
		};
		9BB5DA8B28E37D3200E0EAC1 /* test2Tests */ = {
			isa = PBXNativeTarget;
			buildConfigurationList = 9BB5DAA328E37D3200E0EAC1 /* Build configuration list for PBXNativeTarget "test2Tests" */;
			buildPhases = (
				9BB5DA8828E37D3200E0EAC1 /* Sources */,
				9BB5DA8928E37D3200E0EAC1 /* Frameworks */,
				9BB5DA8A28E37D3200E0EAC1 /* Resources */,
			);
			buildRules = (
			);
			dependencies = (
				9BB5DA8E28E37D3200E0EAC1 /* PBXTargetDependency */,
			);
			name = test2Tests;
			productName = test2Tests;
			productReference = 9BB5DA8C28E37D3200E0EAC1 /* test2Tests.xctest */;
			productType = "com.apple.product-type.bundle.unit-test";
		};
		9BB5DA9528E37D3200E0EAC1 /* test2UITests */ = {
			isa = PBXNativeTarget;
			buildConfigurationList = 9BB5DAA628E37D3200E0EAC1 /* Build configuration list for PBXNativeTarget "test2UITests" */;
			buildPhases = (
				9BB5DA9228E37D3200E0EAC1 /* Sources */,
				9BB5DA9328E37D3200E0EAC1 /* Frameworks */,
				9BB5DA9428E37D3200E0EAC1 /* Resources */,
			);
			buildRules = (
			);
			dependencies = (
				9BB5DA9828E37D3200E0EAC1 /* PBXTargetDependency */,
			);
			name = test2UITests;
			productName = test2UITests;
			productReference = 9BB5DA9628E37D3200E0EAC1 /* test2UITests.xctest */;
			productType = "com.apple.product-type.bundle.ui-testing";
		};
/* End PBXNativeTarget section */

/* Begin PBXProject section */
		9BB5DA6E28E37D3100E0EAC1 /* Project object */ = {
			isa = PBXProject;
			attributes = {
				BuildIndependentTargetsInParallel = 1;
				LastSwiftUpdateCheck = 1340;
				LastUpgradeCheck = 1340;
				TargetAttributes = {
					9BB5DA7528E37D3100E0EAC1 = {
						CreatedOnToolsVersion = 13.4.1;
					};
					9BB5DA8B28E37D3200E0EAC1 = {
						CreatedOnToolsVersion = 13.4.1;
						TestTargetID = 9BB5DA7528E37D3100E0EAC1;
					};
					9BB5DA9528E37D3200E0EAC1 = {
						CreatedOnToolsVersion = 13.4.1;
						TestTargetID = 9BB5DA7528E37D3100E0EAC1;
					};
				};
			};
			buildConfigurationList = 9BB5DA7128E37D3100E0EAC1 /* Build configuration list for PBXProject "test2" */;
			compatibilityVersion = "Xcode 13.0";
			developmentRegion = en;
			hasScannedForEncodings = 0;
			knownRegions = (
				en,
				Base,
			);
			mainGroup = 9BB5DA6D28E37D3100E0EAC1;
			productRefGroup = 9BB5DA7728E37D3100E0EAC1 /* Products */;
			projectDirPath = "";
			projectRoot = "";
			targets = (
				9BB5DA7528E37D3100E0EAC1 /* test2 */,
				9BB5DA8B28E37D3200E0EAC1 /* test2Tests */,
				9BB5DA9528E37D3200E0EAC1 /* test2UITests */,
			);
		};
/* End PBXProject section */

/* Begin PBXResourcesBuildPhase section */
		9BB5DA7428E37D3100E0EAC1 /* Resources */ = {
			isa = PBXResourcesBuildPhase;
			buildActionMask = 2147483647;
			files = (
				9BB5DA8628E37D3200E0EAC1 /* LaunchScreen.storyboard in Resources */,
				9BB5DA8328E37D3200E0EAC1 /* Assets.xcassets in Resources */,
				9BB5DA8128E37D3100E0EAC1 /* Main.storyboard in Resources */,
			);
			runOnlyForDeploymentPostprocessing = 0;
		};
		9BB5DA8A28E37D3200E0EAC1 /* Resources */ = {
			isa = PBXResourcesBuildPhase;
			buildActionMask = 2147483647;
			files = (
			);
			runOnlyForDeploymentPostprocessing = 0;
		};
		9BB5DA9428E37D3200E0EAC1 /* Resources */ = {
			isa = PBXResourcesBuildPhase;
			buildActionMask = 2147483647;
			files = (
			);
			runOnlyForDeploymentPostprocessing = 0;
		};
/* End PBXResourcesBuildPhase section */

/* Begin PBXSourcesBuildPhase section */
		9BB5DA7228E37D3100E0EAC1 /* Sources */ = {
			isa = PBXSourcesBuildPhase;
			buildActionMask = 2147483647;
			files = (
				9BB5DA7E28E37D3100E0EAC1 /* ViewController.swift in Sources */,
				9BB5DAAA28E37E8300E0EAC1 /* viewresposta.swift in Sources */,
				9BB5DA7A28E37D3100E0EAC1 /* AppDelegate.swift in Sources */,
				9BB5DA7C28E37D3100E0EAC1 /* SceneDelegate.swift in Sources */,
			);
			runOnlyForDeploymentPostprocessing = 0;
		};
		9BB5DA8828E37D3200E0EAC1 /* Sources */ = {
			isa = PBXSourcesBuildPhase;
			buildActionMask = 2147483647;
			files = (
				9BB5DA9128E37D3200E0EAC1 /* test2Tests.swift in Sources */,
			);
			runOnlyForDeploymentPostprocessing = 0;
		};
		9BB5DA9228E37D3200E0EAC1 /* Sources */ = {
			isa = PBXSourcesBuildPhase;
			buildActionMask = 2147483647;
			files = (
				9BB5DA9B28E37D3200E0EAC1 /* test2UITests.swift in Sources */,
				9BB5DA9D28E37D3200E0EAC1 /* test2UITestsLaunchTests.swift in Sources */,
			);
			runOnlyForDeploymentPostprocessing = 0;
		};
/* End PBXSourcesBuildPhase section */

/* Begin PBXTargetDependency section */
		9BB5DA8E28E37D3200E0EAC1 /* PBXTargetDependency */ = {
			isa = PBXTargetDependency;
			target = 9BB5DA7528E37D3100E0EAC1 /* test2 */;
			targetProxy = 9BB5DA8D28E37D3200E0EAC1 /* PBXContainerItemProxy */;
		};
		9BB5DA9828E37D3200E0EAC1 /* PBXTargetDependency */ = {
			isa = PBXTargetDependency;
			target = 9BB5DA7528E37D3100E0EAC1 /* test2 */;
			targetProxy = 9BB5DA9728E37D3200E0EAC1 /* PBXContainerItemProxy */;
		};
/* End PBXTargetDependency section */

/* Begin PBXVariantGroup section */
		9BB5DA7F28E37D3100E0EAC1 /* Main.storyboard */ = {
			isa = PBXVariantGroup;
			children = (
				9BB5DA8028E37D3100E0EAC1 /* Base */,
			);
			name = Main.storyboard;
			sourceTree = "<group>";
		};
		9BB5DA8428E37D3200E0EAC1 /* LaunchScreen.storyboard */ = {
			isa = PBXVariantGroup;
			children = (
				9BB5DA8528E37D3200E0EAC1 /* Base */,
			);
			name = LaunchScreen.storyboard;
			sourceTree = "<group>";
		};
/* End PBXVariantGroup section */

/* Begin XCBuildConfiguration section */
		9BB5DA9E28E37D3200E0EAC1 /* Debug */ = {
			isa = XCBuildConfiguration;
			buildSettings = {
				ALWAYS_SEARCH_USER_PATHS = NO;
				CLANG_ANALYZER_NONNULL = YES;
				CLANG_ANALYZER_NUMBER_OBJECT_CONVERSION = YES_AGGRESSIVE;
				CLANG_CXX_LANGUAGE_STANDARD = "gnu++17";
				CLANG_ENABLE_MODULES = YES;
				CLANG_ENABLE_OBJC_ARC = YES;
				CLANG_ENABLE_OBJC_WEAK = YES;
				CLANG_WARN_BLOCK_CAPTURE_AUTORELEASING = YES;
				CLANG_WARN_BOOL_CONVERSION = YES;
				CLANG_WARN_COMMA = YES;
				CLANG_WARN_CONSTANT_CONVERSION = YES;
				CLANG_WARN_DEPRECATED_OBJC_IMPLEMENTATIONS = YES;
				CLANG_WARN_DIRECT_OBJC_ISA_USAGE = YES_ERROR;
				CLANG_WARN_DOCUMENTATION_COMMENTS = YES;
				CLANG_WARN_EMPTY_BODY = YES;
				CLANG_WARN_ENUM_CONVERSION = YES;
				CLANG_WARN_INFINITE_RECURSION = YES;
				CLANG_WARN_INT_CONVERSION = YES;
				CLANG_WARN_NON_LITERAL_NULL_CONVERSION = YES;
				CLANG_WARN_OBJC_IMPLICIT_RETAIN_SELF = YES;
				CLANG_WARN_OBJC_LITERAL_CONVERSION = YES;
				CLANG_WARN_OBJC_ROOT_CLASS = YES_ERROR;
				CLANG_WARN_QUOTED_INCLUDE_IN_FRAMEWORK_HEADER = YES;
				CLANG_WARN_RANGE_LOOP_ANALYSIS = YES;
				CLANG_WARN_STRICT_PROTOTYPES = YES;
				CLANG_WARN_SUSPICIOUS_MOVE = YES;
				CLANG_WARN_UNGUARDED_AVAILABILITY = YES_AGGRESSIVE;
				CLANG_WARN_UNREACHABLE_CODE = YES;
				CLANG_WARN__DUPLICATE_METHOD_MATCH = YES;
				COPY_PHASE_STRIP = NO;
				DEBUG_INFORMATION_FORMAT = dwarf;
				ENABLE_STRICT_OBJC_MSGSEND = YES;
				ENABLE_TESTABILITY = YES;
				GCC_C_LANGUAGE_STANDARD = gnu11;
				GCC_DYNAMIC_NO_PIC = NO;
				GCC_NO_COMMON_BLOCKS = YES;
				GCC_OPTIMIZATION_LEVEL = 0;
				GCC_PREPROCESSOR_DEFINITIONS = (
					"DEBUG=1",
					"$(inherited)",
				);
				GCC_WARN_64_TO_32_BIT_CONVERSION = YES;
				GCC_WARN_ABOUT_RETURN_TYPE = YES_ERROR;
				GCC_WARN_UNDECLARED_SELECTOR = YES;
				GCC_WARN_UNINITIALIZED_AUTOS = YES_AGGRESSIVE;
				GCC_WARN_UNUSED_FUNCTION = YES;
				GCC_WARN_UNUSED_VARIABLE = YES;
				IPHONEOS_DEPLOYMENT_TARGET = 15.5;
				MTL_ENABLE_DEBUG_INFO = INCLUDE_SOURCE;
				MTL_FAST_MATH = YES;
				ONLY_ACTIVE_ARCH = YES;
				SDKROOT = iphoneos;
				SWIFT_ACTIVE_COMPILATION_CONDITIONS = DEBUG;
				SWIFT_OPTIMIZATION_LEVEL = "-Onone";
			};
			name = Debug;
		};
		9BB5DA9F28E37D3200E0EAC1 /* Release */ = {
			isa = XCBuildConfiguration;
			buildSettings = {
				ALWAYS_SEARCH_USER_PATHS = NO;
				CLANG_ANALYZER_NONNULL = YES;
				CLANG_ANALYZER_NUMBER_OBJECT_CONVERSION = YES_AGGRESSIVE;
				CLANG_CXX_LANGUAGE_STANDARD = "gnu++17";
				CLANG_ENABLE_MODULES = YES;
				CLANG_ENABLE_OBJC_ARC = YES;
				CLANG_ENABLE_OBJC_WEAK = YES;
				CLANG_WARN_BLOCK_CAPTURE_AUTORELEASING = YES;
				CLANG_WARN_BOOL_CONVERSION = YES;
				CLANG_WARN_COMMA = YES;
				CLANG_WARN_CONSTANT_CONVERSION = YES;
				CLANG_WARN_DEPRECATED_OBJC_IMPLEMENTATIONS = YES;
				CLANG_WARN_DIRECT_OBJC_ISA_USAGE = YES_ERROR;
				CLANG_WARN_DOCUMENTATION_COMMENTS = YES;
				CLANG_WARN_EMPTY_BODY = YES;
				CLANG_WARN_ENUM_CONVERSION = YES;
				CLANG_WARN_INFINITE_RECURSION = YES;
				CLANG_WARN_INT_CONVERSION = YES;
				CLANG_WARN_NON_LITERAL_NULL_CONVERSION = YES;
				CLANG_WARN_OBJC_IMPLICIT_RETAIN_SELF = YES;
				CLANG_WARN_OBJC_LITERAL_CONVERSION = YES;
				CLANG_WARN_OBJC_ROOT_CLASS = YES_ERROR;
				CLANG_WARN_QUOTED_INCLUDE_IN_FRAMEWORK_HEADER = YES;
				CLANG_WARN_RANGE_LOOP_ANALYSIS = YES;
				CLANG_WARN_STRICT_PROTOTYPES = YES;
				CLANG_WARN_SUSPICIOUS_MOVE = YES;
				CLANG_WARN_UNGUARDED_AVAILABILITY = YES_AGGRESSIVE;
				CLANG_WARN_UNREACHABLE_CODE = YES;
				CLANG_WARN__DUPLICATE_METHOD_MATCH = YES;
				COPY_PHASE_STRIP = NO;
				DEBUG_INFORMATION_FORMAT = "dwarf-with-dsym";
				ENABLE_NS_ASSERTIONS = NO;
				ENABLE_STRICT_OBJC_MSGSEND = YES;
				GCC_C_LANGUAGE_STANDARD = gnu11;
				GCC_NO_COMMON_BLOCKS = YES;
				GCC_WARN_64_TO_32_BIT_CONVERSION = YES;
				GCC_WARN_ABOUT_RETURN_TYPE = YES_ERROR;
				GCC_WARN_UNDECLARED_SELECTOR = YES;
				GCC_WARN_UNINITIALIZED_AUTOS = YES_AGGRESSIVE;
				GCC_WARN_UNUSED_FUNCTION = YES;
				GCC_WARN_UNUSED_VARIABLE = YES;
				IPHONEOS_DEPLOYMENT_TARGET = 15.5;
				MTL_ENABLE_DEBUG_INFO = NO;
				MTL_FAST_MATH = YES;
				SDKROOT = iphoneos;
				SWIFT_COMPILATION_MODE = wholemodule;
				SWIFT_OPTIMIZATION_LEVEL = "-O";
				VALIDATE_PRODUCT = YES;
			};
			name = Release;
		};
		9BB5DAA128E37D3200E0EAC1 /* Debug */ = {
			isa = XCBuildConfiguration;
			buildSettings = {
				ASSETCATALOG_COMPILER_APPICON_NAME = AppIcon;
				ASSETCATALOG_COMPILER_GLOBAL_ACCENT_COLOR_NAME = AccentColor;
				CODE_SIGN_STYLE = Automatic;
				CURRENT_PROJECT_VERSION = 1;
				GENERATE_INFOPLIST_FILE = YES;
				INFOPLIST_FILE = test2/Info.plist;
				INFOPLIST_KEY_UIApplicationSupportsIndirectInputEvents = YES;
				INFOPLIST_KEY_UILaunchStoryboardName = LaunchScreen;
				INFOPLIST_KEY_UIMainStoryboardFile = Main;
				INFOPLIST_KEY_UISupportedInterfaceOrientations_iPad = "UIInterfaceOrientationPortrait UIInterfaceOrientationPortraitUpsideDown UIInterfaceOrientationLandscapeLeft UIInterfaceOrientationLandscapeRight";
				INFOPLIST_KEY_UISupportedInterfaceOrientations_iPhone = "UIInterfaceOrientationPortrait UIInterfaceOrientationLandscapeLeft UIInterfaceOrientationLandscapeRight";
				LD_RUNPATH_SEARCH_PATHS = (
					"$(inherited)",
					"@executable_path/Frameworks",
				);
				MARKETING_VERSION = 1.0;
				PRODUCT_BUNDLE_IDENTIFIER = com.adriano.test2;
				PRODUCT_NAME = "$(TARGET_NAME)";
				SWIFT_EMIT_LOC_STRINGS = YES;
				SWIFT_VERSION = 5.0;
				TARGETED_DEVICE_FAMILY = "1,2";
			};
			name = Debug;
		};
		9BB5DAA228E37D3200E0EAC1 /* Release */ = {
			isa = XCBuildConfiguration;
			buildSettings = {
				ASSETCATALOG_COMPILER_APPICON_NAME = AppIcon;
				ASSETCATALOG_COMPILER_GLOBAL_ACCENT_COLOR_NAME = AccentColor;
				CODE_SIGN_STYLE = Automatic;
				CURRENT_PROJECT_VERSION = 1;
				GENERATE_INFOPLIST_FILE = YES;
				INFOPLIST_FILE = test2/Info.plist;
				INFOPLIST_KEY_UIApplicationSupportsIndirectInputEvents = YES;
				INFOPLIST_KEY_UILaunchStoryboardName = LaunchScreen;
				INFOPLIST_KEY_UIMainStoryboardFile = Main;
				INFOPLIST_KEY_UISupportedInterfaceOrientations_iPad = "UIInterfaceOrientationPortrait UIInterfaceOrientationPortraitUpsideDown UIInterfaceOrientationLandscapeLeft UIInterfaceOrientationLandscapeRight";
				INFOPLIST_KEY_UISupportedInterfaceOrientations_iPhone = "UIInterfaceOrientationPortrait UIInterfaceOrientationLandscapeLeft UIInterfaceOrientationLandscapeRight";
				LD_RUNPATH_SEARCH_PATHS = (
					"$(inherited)",
					"@executable_path/Frameworks",
				);
				MARKETING_VERSION = 1.0;
				PRODUCT_BUNDLE_IDENTIFIER = com.adriano.test2;
				PRODUCT_NAME = "$(TARGET_NAME)";
				SWIFT_EMIT_LOC_STRINGS = YES;
				SWIFT_VERSION = 5.0;
				TARGETED_DEVICE_FAMILY = "1,2";
			};
			name = Release;
		};
		9BB5DAA428E37D3200E0EAC1 /* Debug */ = {
			isa = XCBuildConfiguration;
			buildSettings = {
				ALWAYS_EMBED_SWIFT_STANDARD_LIBRARIES = YES;
				BUNDLE_LOADER = "$(TEST_HOST)";
				CODE_SIGN_STYLE = Automatic;
				CURRENT_PROJECT_VERSION = 1;
				GENERATE_INFOPLIST_FILE = YES;
				IPHONEOS_DEPLOYMENT_TARGET = 15.5;
				MARKETING_VERSION = 1.0;
				PRODUCT_BUNDLE_IDENTIFIER = com.adriano.test2Tests;
				PRODUCT_NAME = "$(TARGET_NAME)";
				SWIFT_EMIT_LOC_STRINGS = NO;
				SWIFT_VERSION = 5.0;
				TARGETED_DEVICE_FAMILY = "1,2";
				TEST_HOST = "$(BUILT_PRODUCTS_DIR)/test2.app/test2";
			};
			name = Debug;
		};
		9BB5DAA528E37D3200E0EAC1 /* Release */ = {
			isa = XCBuildConfiguration;
			buildSettings = {
				ALWAYS_EMBED_SWIFT_STANDARD_LIBRARIES = YES;
				BUNDLE_LOADER = "$(TEST_HOST)";
				CODE_SIGN_STYLE = Automatic;
				CURRENT_PROJECT_VERSION = 1;
				GENERATE_INFOPLIST_FILE = YES;
				IPHONEOS_DEPLOYMENT_TARGET = 15.5;
				MARKETING_VERSION = 1.0;
				PRODUCT_BUNDLE_IDENTIFIER = com.adriano.test2Tests;
				PRODUCT_NAME = "$(TARGET_NAME)";
				SWIFT_EMIT_LOC_STRINGS = NO;
				SWIFT_VERSION = 5.0;
				TARGETED_DEVICE_FAMILY = "1,2";
				TEST_HOST = "$(BUILT_PRODUCTS_DIR)/test2.app/test2";
			};
			name = Release;
		};
		9BB5DAA728E37D3200E0EAC1 /* Debug */ = {
			isa = XCBuildConfiguration;
			buildSettings = {
				ALWAYS_EMBED_SWIFT_STANDARD_LIBRARIES = YES;
				CODE_SIGN_STYLE = Automatic;
				CURRENT_PROJECT_VERSION = 1;
				GENERATE_INFOPLIST_FILE = YES;
				MARKETING_VERSION = 1.0;
				PRODUCT_BUNDLE_IDENTIFIER = com.adriano.test2UITests;
				PRODUCT_NAME = "$(TARGET_NAME)";
				SWIFT_EMIT_LOC_STRINGS = NO;
				SWIFT_VERSION = 5.0;
				TARGETED_DEVICE_FAMILY = "1,2";
				TEST_TARGET_NAME = test2;
			};
			name = Debug;
		};
		9BB5DAA828E37D3200E0EAC1 /* Release */ = {
			isa = XCBuildConfiguration;
			buildSettings = {
				ALWAYS_EMBED_SWIFT_STANDARD_LIBRARIES = YES;
				CODE_SIGN_STYLE = Automatic;
				CURRENT_PROJECT_VERSION = 1;
				GENERATE_INFOPLIST_FILE = YES;
				MARKETING_VERSION = 1.0;
				PRODUCT_BUNDLE_IDENTIFIER = com.adriano.test2UITests;
				PRODUCT_NAME = "$(TARGET_NAME)";
				SWIFT_EMIT_LOC_STRINGS = NO;
				SWIFT_VERSION = 5.0;
				TARGETED_DEVICE_FAMILY = "1,2";
				TEST_TARGET_NAME = test2;
			};
			name = Release;
		};
/* End XCBuildConfiguration section */

/* Begin XCConfigurationList section */
		9BB5DA7128E37D3100E0EAC1 /* Build configuration list for PBXProject "test2" */ = {
			isa = XCConfigurationList;
			buildConfigurations = (
				9BB5DA9E28E37D3200E0EAC1 /* Debug */,
				9BB5DA9F28E37D3200E0EAC1 /* Release */,
			);
			defaultConfigurationIsVisible = 0;
			defaultConfigurationName = Release;
		};
		9BB5DAA028E37D3200E0EAC1 /* Build configuration list for PBXNativeTarget "test2" */ = {
			isa = XCConfigurationList;
			buildConfigurations = (
				9BB5DAA128E37D3200E0EAC1 /* Debug */,
				9BB5DAA228E37D3200E0EAC1 /* Release */,
			);
			defaultConfigurationIsVisible = 0;
			defaultConfigurationName = Release;
		};
		9BB5DAA328E37D3200E0EAC1 /* Build configuration list for PBXNativeTarget "test2Tests" */ = {
			isa = XCConfigurationList;
			buildConfigurations = (
				9BB5DAA428E37D3200E0EAC1 /* Debug */,
				9BB5DAA528E37D3200E0EAC1 /* Release */,
			);
			defaultConfigurationIsVisible = 0;
			defaultConfigurationName = Release;
		};
		9BB5DAA628E37D3200E0EAC1 /* Build configuration list for PBXNativeTarget "test2UITests" */ = {
			isa = XCConfigurationList;
			buildConfigurations = (
				9BB5DAA728E37D3200E0EAC1 /* Debug */,
				9BB5DAA828E37D3200E0EAC1 /* Release */,
			);
			defaultConfigurationIsVisible = 0;
			defaultConfigurationName = Release;
		};
/* End XCConfigurationList section */
	};
	rootObject = 9BB5DA6E28E37D3100E0EAC1 /* Project object */;
}
